
Microsoft Visual Studio Solution File, Format Version 12.00
# Visual Studio Version 16
VisualStudioVersion = 16.0.29613.14
MinimumVisualStudioVersion = 10.0.40219.1
Project("{9A19103F-16F7-4668-BE54-9A1E7A4F7556}") = "POETradeHelper", "Source\POETradeHelper\POETradeHelper.csproj", "{1C4A35D4-F7C9-4A6A-B689-155E3C142F54}"
EndProject
Project("{2150E333-8FDC-42A3-9474-1A3956D46DE8}") = "Tests", "Tests", "{7BBEE127-4661-4942-9E2F-7028E2203955}"
EndProject
Project("{2150E333-8FDC-42A3-9474-1A3956D46DE8}") = "Application", "Application", "{4984DDF7-BBBF-4567-A4FB-BD297110E08A}"
EndProject
Project("{2150E333-8FDC-42A3-9474-1A3956D46DE8}") = "Features", "Features", "{E89A9F8C-C12A-45E8-8F79-42C7FC7A630F}"
EndProject
Project("{9A19103F-16F7-4668-BE54-9A1E7A4F7556}") = "POETradeHelper.ItemSearch", "Source\POETradeHelper.ItemSearch\POETradeHelper.ItemSearch.csproj", "{04BDF587-9C08-4D71-A8B5-EFE404B982AA}"
EndProject
Project("{2150E333-8FDC-42A3-9474-1A3956D46DE8}") = "Libraries", "Libraries", "{1DCB4EB6-9563-4F4C-B582-3B52D9E81CAD}"
EndProject
Project("{9A19103F-16F7-4668-BE54-9A1E7A4F7556}") = "POETradeHelper.PathOfExileTradeApi", "Source\POETradeHelper.PathOfExileTradeApi\POETradeHelper.PathOfExileTradeApi.csproj", "{1BFC23A3-C2A3-4538-BA67-E06E7896EC53}"
EndProject
Project("{9A19103F-16F7-4668-BE54-9A1E7A4F7556}") = "POETradeHelper.ItemSearch.Contract", "Source\POETradeHelper.ItemSearch.Contract\POETradeHelper.ItemSearch.Contract.csproj", "{5F4D7F13-2101-4422-A055-99CAD2FA7CD7}"
EndProject
Project("{9A19103F-16F7-4668-BE54-9A1E7A4F7556}") = "POETradeHelper.Common.Contract", "Source\POETradeHelper.Common.Contract\POETradeHelper.Common.Contract.csproj", "{C851A0FE-2673-484B-A593-2B3497DC76EA}"
EndProject
Project("{9A19103F-16F7-4668-BE54-9A1E7A4F7556}") = "POETradeHelper.Win32", "Source\POETradeHelper.Win32\POETradeHelper.Win32.csproj", "{3615D4B9-C5A9-4CED-8422-323CFF4637D8}"
EndProject
Project("{2150E333-8FDC-42A3-9474-1A3956D46DE8}") = "Libraries", "Libraries", "{3629C438-DAEB-4944-9DF4-C31F68A8A579}"
EndProject
Project("{9A19103F-16F7-4668-BE54-9A1E7A4F7556}") = "POETradeHelper.Win32.Tests", "Tests\POETradeHelper.Win32.Tests\POETradeHelper.Win32.Tests.csproj", "{54F21136-3D1F-4A0B-B0C5-A11C5BB63E12}"
EndProject
Project("{2150E333-8FDC-42A3-9474-1A3956D46DE8}") = "Features", "Features", "{C49FFB24-3897-4032-A2A9-A28377B75228}"
EndProject
Project("{9A19103F-16F7-4668-BE54-9A1E7A4F7556}") = "POETradeHelper.ItemSearch.Tests", "Tests\POETradeHelper.ItemSearch.Tests\POETradeHelper.ItemSearch.Tests.csproj", "{7A4BCFD4-623D-4C2C-8E66-E5FCA17DBDB8}"
EndProject
Project("{9A19103F-16F7-4668-BE54-9A1E7A4F7556}") = "POETradeHelper.Common", "Source\POETradeHelper.Common\POETradeHelper.Common.csproj", "{1B5DC7E8-B2FE-49CA-B174-89F7099A46D3}"
EndProject
Project("{9A19103F-16F7-4668-BE54-9A1E7A4F7556}") = "POETradeHelper.Common.Tests", "Tests\POETradeHelper.Common.Tests\POETradeHelper.Common.Tests.csproj", "{04693CD5-1730-4CA8-A6E3-D91B879F2D2C}"
EndProject
Project("{9A19103F-16F7-4668-BE54-9A1E7A4F7556}") = "POETradeHelper.PathOfExileTradeApi.Tests", "Tests\POETradeHelper.PathOfExileTradeApi.Tests\POETradeHelper.PathOfExileTradeApi.Tests.csproj", "{77CD7DB4-FD9E-4C65-8B0B-64CA7266354C}"
EndProject
Project("{9A19103F-16F7-4668-BE54-9A1E7A4F7556}") = "POETradeHelper.Common.UI", "Source\POETradeHelper.Common.UI\POETradeHelper.Common.UI.csproj", "{05DBBAB5-E8B0-4B5C-85F7-53629FF2745A}"
EndProject
Project("{2150E333-8FDC-42A3-9474-1A3956D46DE8}") = "Solution Items", "Solution Items", "{AE56CA71-3340-4B9C-A8A5-9D6DC241619E}"
	ProjectSection(SolutionItems) = preProject
		CodeCoverage.runsettings = CodeCoverage.runsettings
	EndProjectSection
EndProject
Project("{9A19103F-16F7-4668-BE54-9A1E7A4F7556}") = "POETradeHelper.Common.UI.Tests", "Tests\POETradeHelper.Common.UI.Tests\POETradeHelper.Common.UI.Tests.csproj", "{2D47ECD3-D334-44D1-9A7D-6FF1E239D65D}"
EndProject
Project("{9A19103F-16F7-4668-BE54-9A1E7A4F7556}") = "POETradeHelper.QualityOfLife", "Source\POETradeHelper.QualityOfLife\POETradeHelper.QualityOfLife.csproj", "{F9FA9438-76E8-4D45-9F7E-C5C57120F87A}"
EndProject
Project("{9A19103F-16F7-4668-BE54-9A1E7A4F7556}") = "POETradeHelper.QualityOfLife.Tests", "Tests\POETradeHelper.QualityOfLife.Tests\POETradeHelper.QualityOfLife.Tests.csproj", "{9F0C9165-B154-4E22-BE73-68A7772D22DB}"
EndProject
Project("{9A19103F-16F7-4668-BE54-9A1E7A4F7556}") = "POETradeHelper.IntegrationTests", "Tests\POETradeHelper.IntegrationTests\POETradeHelper.IntegrationTests.csproj", "{71782013-1242-4CFC-A704-76E2DFD7F112}"
EndProject
Project("{9A19103F-16F7-4668-BE54-9A1E7A4F7556}") = "POETradeHelper.PricePrediction.Tests", "Tests\POETradeHelper.PricePrediction.Tests\POETradeHelper.PricePrediction.Tests.csproj", "{62842EBE-0D48-4650-850C-8B63020667D8}"
EndProject
Project("{9A19103F-16F7-4668-BE54-9A1E7A4F7556}") = "POETradeHelper.PricePrediction", "Source\POETradeHelper.PricePrediction\POETradeHelper.PricePrediction.csproj", "{4259F770-7FDD-4666-AA10-C295F9BFE921}"
EndProject
Project("{FAE04EC0-301F-11D3-BF4B-00C04F79EFBC}") = "POETradeHelper.Common.Contract.Tests", "Tests\POETradeHelper.Common.Contract.Tests\POETradeHelper.Common.Contract.Tests.csproj", "{910E5298-B306-4BA2-A732-5BA4E58D3227}"
EndProject
Global
	GlobalSection(SolutionConfigurationPlatforms) = preSolution
		Debug|Any CPU = Debug|Any CPU
		Release|Any CPU = Release|Any CPU
	EndGlobalSection
	GlobalSection(ProjectConfigurationPlatforms) = postSolution
		{1C4A35D4-F7C9-4A6A-B689-155E3C142F54}.Debug|Any CPU.ActiveCfg = Debug|Any CPU
		{1C4A35D4-F7C9-4A6A-B689-155E3C142F54}.Debug|Any CPU.Build.0 = Debug|Any CPU
		{1C4A35D4-F7C9-4A6A-B689-155E3C142F54}.Release|Any CPU.ActiveCfg = Release|Any CPU
		{1C4A35D4-F7C9-4A6A-B689-155E3C142F54}.Release|Any CPU.Build.0 = Release|Any CPU
		{04BDF587-9C08-4D71-A8B5-EFE404B982AA}.Debug|Any CPU.ActiveCfg = Debug|Any CPU
		{04BDF587-9C08-4D71-A8B5-EFE404B982AA}.Debug|Any CPU.Build.0 = Debug|Any CPU
		{04BDF587-9C08-4D71-A8B5-EFE404B982AA}.Release|Any CPU.ActiveCfg = Release|Any CPU
		{04BDF587-9C08-4D71-A8B5-EFE404B982AA}.Release|Any CPU.Build.0 = Release|Any CPU
		{1BFC23A3-C2A3-4538-BA67-E06E7896EC53}.Debug|Any CPU.ActiveCfg = Debug|Any CPU
		{1BFC23A3-C2A3-4538-BA67-E06E7896EC53}.Debug|Any CPU.Build.0 = Debug|Any CPU
		{1BFC23A3-C2A3-4538-BA67-E06E7896EC53}.Release|Any CPU.ActiveCfg = Release|Any CPU
		{1BFC23A3-C2A3-4538-BA67-E06E7896EC53}.Release|Any CPU.Build.0 = Release|Any CPU
		{5F4D7F13-2101-4422-A055-99CAD2FA7CD7}.Debug|Any CPU.ActiveCfg = Debug|Any CPU
		{5F4D7F13-2101-4422-A055-99CAD2FA7CD7}.Debug|Any CPU.Build.0 = Debug|Any CPU
		{5F4D7F13-2101-4422-A055-99CAD2FA7CD7}.Release|Any CPU.ActiveCfg = Release|Any CPU
		{5F4D7F13-2101-4422-A055-99CAD2FA7CD7}.Release|Any CPU.Build.0 = Release|Any CPU
		{C851A0FE-2673-484B-A593-2B3497DC76EA}.Debug|Any CPU.ActiveCfg = Debug|Any CPU
		{C851A0FE-2673-484B-A593-2B3497DC76EA}.Debug|Any CPU.Build.0 = Debug|Any CPU
		{C851A0FE-2673-484B-A593-2B3497DC76EA}.Release|Any CPU.ActiveCfg = Release|Any CPU
		{C851A0FE-2673-484B-A593-2B3497DC76EA}.Release|Any CPU.Build.0 = Release|Any CPU
		{3615D4B9-C5A9-4CED-8422-323CFF4637D8}.Debug|Any CPU.ActiveCfg = Debug|Any CPU
		{3615D4B9-C5A9-4CED-8422-323CFF4637D8}.Debug|Any CPU.Build.0 = Debug|Any CPU
		{3615D4B9-C5A9-4CED-8422-323CFF4637D8}.Release|Any CPU.ActiveCfg = Release|Any CPU
		{3615D4B9-C5A9-4CED-8422-323CFF4637D8}.Release|Any CPU.Build.0 = Release|Any CPU
		{54F21136-3D1F-4A0B-B0C5-A11C5BB63E12}.Debug|Any CPU.ActiveCfg = Debug|Any CPU
		{54F21136-3D1F-4A0B-B0C5-A11C5BB63E12}.Debug|Any CPU.Build.0 = Debug|Any CPU
		{54F21136-3D1F-4A0B-B0C5-A11C5BB63E12}.Release|Any CPU.ActiveCfg = Release|Any CPU
		{54F21136-3D1F-4A0B-B0C5-A11C5BB63E12}.Release|Any CPU.Build.0 = Release|Any CPU
		{7A4BCFD4-623D-4C2C-8E66-E5FCA17DBDB8}.Debug|Any CPU.ActiveCfg = Debug|Any CPU
		{7A4BCFD4-623D-4C2C-8E66-E5FCA17DBDB8}.Debug|Any CPU.Build.0 = Debug|Any CPU
		{7A4BCFD4-623D-4C2C-8E66-E5FCA17DBDB8}.Release|Any CPU.ActiveCfg = Release|Any CPU
		{7A4BCFD4-623D-4C2C-8E66-E5FCA17DBDB8}.Release|Any CPU.Build.0 = Release|Any CPU
		{1B5DC7E8-B2FE-49CA-B174-89F7099A46D3}.Debug|Any CPU.ActiveCfg = Debug|Any CPU
		{1B5DC7E8-B2FE-49CA-B174-89F7099A46D3}.Debug|Any CPU.Build.0 = Debug|Any CPU
		{1B5DC7E8-B2FE-49CA-B174-89F7099A46D3}.Release|Any CPU.ActiveCfg = Release|Any CPU
		{1B5DC7E8-B2FE-49CA-B174-89F7099A46D3}.Release|Any CPU.Build.0 = Release|Any CPU
		{04693CD5-1730-4CA8-A6E3-D91B879F2D2C}.Debug|Any CPU.ActiveCfg = Debug|Any CPU
		{04693CD5-1730-4CA8-A6E3-D91B879F2D2C}.Debug|Any CPU.Build.0 = Debug|Any CPU
		{04693CD5-1730-4CA8-A6E3-D91B879F2D2C}.Release|Any CPU.ActiveCfg = Release|Any CPU
		{04693CD5-1730-4CA8-A6E3-D91B879F2D2C}.Release|Any CPU.Build.0 = Release|Any CPU
		{77CD7DB4-FD9E-4C65-8B0B-64CA7266354C}.Debug|Any CPU.ActiveCfg = Debug|Any CPU
		{77CD7DB4-FD9E-4C65-8B0B-64CA7266354C}.Debug|Any CPU.Build.0 = Debug|Any CPU
		{77CD7DB4-FD9E-4C65-8B0B-64CA7266354C}.Release|Any CPU.ActiveCfg = Release|Any CPU
		{77CD7DB4-FD9E-4C65-8B0B-64CA7266354C}.Release|Any CPU.Build.0 = Release|Any CPU
		{05DBBAB5-E8B0-4B5C-85F7-53629FF2745A}.Debug|Any CPU.ActiveCfg = Debug|Any CPU
		{05DBBAB5-E8B0-4B5C-85F7-53629FF2745A}.Debug|Any CPU.Build.0 = Debug|Any CPU
		{05DBBAB5-E8B0-4B5C-85F7-53629FF2745A}.Release|Any CPU.ActiveCfg = Release|Any CPU
		{05DBBAB5-E8B0-4B5C-85F7-53629FF2745A}.Release|Any CPU.Build.0 = Release|Any CPU
		{2D47ECD3-D334-44D1-9A7D-6FF1E239D65D}.Debug|Any CPU.ActiveCfg = Debug|Any CPU
		{2D47ECD3-D334-44D1-9A7D-6FF1E239D65D}.Debug|Any CPU.Build.0 = Debug|Any CPU
		{2D47ECD3-D334-44D1-9A7D-6FF1E239D65D}.Release|Any CPU.ActiveCfg = Release|Any CPU
		{2D47ECD3-D334-44D1-9A7D-6FF1E239D65D}.Release|Any CPU.Build.0 = Release|Any CPU
		{F9FA9438-76E8-4D45-9F7E-C5C57120F87A}.Debug|Any CPU.ActiveCfg = Debug|Any CPU
		{F9FA9438-76E8-4D45-9F7E-C5C57120F87A}.Debug|Any CPU.Build.0 = Debug|Any CPU
		{F9FA9438-76E8-4D45-9F7E-C5C57120F87A}.Release|Any CPU.ActiveCfg = Release|Any CPU
		{F9FA9438-76E8-4D45-9F7E-C5C57120F87A}.Release|Any CPU.Build.0 = Release|Any CPU
		{9F0C9165-B154-4E22-BE73-68A7772D22DB}.Debug|Any CPU.ActiveCfg = Debug|Any CPU
		{9F0C9165-B154-4E22-BE73-68A7772D22DB}.Debug|Any CPU.Build.0 = Debug|Any CPU
		{9F0C9165-B154-4E22-BE73-68A7772D22DB}.Release|Any CPU.ActiveCfg = Release|Any CPU
		{9F0C9165-B154-4E22-BE73-68A7772D22DB}.Release|Any CPU.Build.0 = Release|Any CPU
		{71782013-1242-4CFC-A704-76E2DFD7F112}.Debug|Any CPU.ActiveCfg = Debug|Any CPU
		{71782013-1242-4CFC-A704-76E2DFD7F112}.Debug|Any CPU.Build.0 = Debug|Any CPU
		{71782013-1242-4CFC-A704-76E2DFD7F112}.Release|Any CPU.ActiveCfg = Release|Any CPU
		{71782013-1242-4CFC-A704-76E2DFD7F112}.Release|Any CPU.Build.0 = Release|Any CPU
		{62842EBE-0D48-4650-850C-8B63020667D8}.Debug|Any CPU.ActiveCfg = Debug|Any CPU
		{62842EBE-0D48-4650-850C-8B63020667D8}.Debug|Any CPU.Build.0 = Debug|Any CPU
		{62842EBE-0D48-4650-850C-8B63020667D8}.Release|Any CPU.ActiveCfg = Release|Any CPU
		{62842EBE-0D48-4650-850C-8B63020667D8}.Release|Any CPU.Build.0 = Release|Any CPU
		{4259F770-7FDD-4666-AA10-C295F9BFE921}.Debug|Any CPU.ActiveCfg = Debug|Any CPU
		{4259F770-7FDD-4666-AA10-C295F9BFE921}.Debug|Any CPU.Build.0 = Debug|Any CPU
		{4259F770-7FDD-4666-AA10-C295F9BFE921}.Release|Any CPU.ActiveCfg = Release|Any CPU
		{4259F770-7FDD-4666-AA10-C295F9BFE921}.Release|Any CPU.Build.0 = Release|Any CPU
		{910E5298-B306-4BA2-A732-5BA4E58D3227}.Debug|Any CPU.ActiveCfg = Debug|Any CPU
		{910E5298-B306-4BA2-A732-5BA4E58D3227}.Debug|Any CPU.Build.0 = Debug|Any CPU
		{910E5298-B306-4BA2-A732-5BA4E58D3227}.Release|Any CPU.ActiveCfg = Release|Any CPU
		{910E5298-B306-4BA2-A732-5BA4E58D3227}.Release|Any CPU.Build.0 = Release|Any CPU
	EndGlobalSection
	GlobalSection(SolutionProperties) = preSolution
		HideSolutionNode = FALSE
	EndGlobalSection
	GlobalSection(NestedProjects) = preSolution
		{1C4A35D4-F7C9-4A6A-B689-155E3C142F54} = {4984DDF7-BBBF-4567-A4FB-BD297110E08A}
		{04BDF587-9C08-4D71-A8B5-EFE404B982AA} = {E89A9F8C-C12A-45E8-8F79-42C7FC7A630F}
		{1BFC23A3-C2A3-4538-BA67-E06E7896EC53} = {1DCB4EB6-9563-4F4C-B582-3B52D9E81CAD}
		{5F4D7F13-2101-4422-A055-99CAD2FA7CD7} = {1DCB4EB6-9563-4F4C-B582-3B52D9E81CAD}
		{C851A0FE-2673-484B-A593-2B3497DC76EA} = {1DCB4EB6-9563-4F4C-B582-3B52D9E81CAD}
		{3615D4B9-C5A9-4CED-8422-323CFF4637D8} = {1DCB4EB6-9563-4F4C-B582-3B52D9E81CAD}
		{3629C438-DAEB-4944-9DF4-C31F68A8A579} = {7BBEE127-4661-4942-9E2F-7028E2203955}
		{54F21136-3D1F-4A0B-B0C5-A11C5BB63E12} = {3629C438-DAEB-4944-9DF4-C31F68A8A579}
		{C49FFB24-3897-4032-A2A9-A28377B75228} = {7BBEE127-4661-4942-9E2F-7028E2203955}
		{7A4BCFD4-623D-4C2C-8E66-E5FCA17DBDB8} = {C49FFB24-3897-4032-A2A9-A28377B75228}
		{1B5DC7E8-B2FE-49CA-B174-89F7099A46D3} = {1DCB4EB6-9563-4F4C-B582-3B52D9E81CAD}
		{04693CD5-1730-4CA8-A6E3-D91B879F2D2C} = {3629C438-DAEB-4944-9DF4-C31F68A8A579}
		{77CD7DB4-FD9E-4C65-8B0B-64CA7266354C} = {3629C438-DAEB-4944-9DF4-C31F68A8A579}
		{05DBBAB5-E8B0-4B5C-85F7-53629FF2745A} = {1DCB4EB6-9563-4F4C-B582-3B52D9E81CAD}
		{2D47ECD3-D334-44D1-9A7D-6FF1E239D65D} = {3629C438-DAEB-4944-9DF4-C31F68A8A579}
		{F9FA9438-76E8-4D45-9F7E-C5C57120F87A} = {E89A9F8C-C12A-45E8-8F79-42C7FC7A630F}
		{9F0C9165-B154-4E22-BE73-68A7772D22DB} = {C49FFB24-3897-4032-A2A9-A28377B75228}
		{62842EBE-0D48-4650-850C-8B63020667D8} = {C49FFB24-3897-4032-A2A9-A28377B75228}
		{4259F770-7FDD-4666-AA10-C295F9BFE921} = {E89A9F8C-C12A-45E8-8F79-42C7FC7A630F}
		{910E5298-B306-4BA2-A732-5BA4E58D3227} = {3629C438-DAEB-4944-9DF4-C31F68A8A579}
	EndGlobalSection
	GlobalSection(ExtensibilityGlobals) = postSolution
		SolutionGuid = {BE843AD8-753C-4B98-A7B5-B8B2F7389681}
	EndGlobalSection
EndGlobal
